// !$*UTF8*$!
{
	archiveVersion = 1;
	classes = {
	};
	objectVersion = 46;
	objects = {

/* Begin PBXBuildFile section */
		B217EF611974F22F0029218F /* MainTabBarViewController.m in Sources */ = {isa = PBXBuildFile; fileRef = B217EF551974F22F0029218F /* MainTabBarViewController.m */; };
		B217EF621974F22F0029218F /* m01.png in Resources */ = {isa = PBXBuildFile; fileRef = B217EF571974F22F0029218F /* m01.png */; };
		B217EF631974F22F0029218F /* m01D.png in Resources */ = {isa = PBXBuildFile; fileRef = B217EF581974F22F0029218F /* m01D.png */; };
		B217EF641974F22F0029218F /* m02.png in Resources */ = {isa = PBXBuildFile; fileRef = B217EF591974F22F0029218F /* m02.png */; };
		B217EF651974F22F0029218F /* m02D.png in Resources */ = {isa = PBXBuildFile; fileRef = B217EF5A1974F22F0029218F /* m02D.png */; };
		B217EF661974F22F0029218F /* m03.png in Resources */ = {isa = PBXBuildFile; fileRef = B217EF5B1974F22F0029218F /* m03.png */; };
		B217EF671974F22F0029218F /* m03D.png in Resources */ = {isa = PBXBuildFile; fileRef = B217EF5C1974F22F0029218F /* m03D.png */; };
		B217EF681974F22F0029218F /* m04.png in Resources */ = {isa = PBXBuildFile; fileRef = B217EF5D1974F22F0029218F /* m04.png */; };
		B217EF691974F22F0029218F /* m04D.png in Resources */ = {isa = PBXBuildFile; fileRef = B217EF5E1974F22F0029218F /* m04D.png */; };
		B217EF6A1974F22F0029218F /* m05.png in Resources */ = {isa = PBXBuildFile; fileRef = B217EF5F1974F22F0029218F /* m05.png */; };
		B217EF6B1974F22F0029218F /* m05D.png in Resources */ = {isa = PBXBuildFile; fileRef = B217EF601974F22F0029218F /* m05D.png */; };
		B217EF7D197523600029218F /* MainTabBarViewController.xib in Resources */ = {isa = PBXBuildFile; fileRef = B217EF7C197523600029218F /* MainTabBarViewController.xib */; };
		B217EF8E19752FE50029218F /* RYCP_MENU_ViewController.m in Sources */ = {isa = PBXBuildFile; fileRef = B217EF8619752FE50029218F /* RYCP_MENU_ViewController.m */; };
		B217EF8F19752FE50029218F /* RYCP_MENU_ViewController.xib in Resources */ = {isa = PBXBuildFile; fileRef = B217EF8719752FE50029218F /* RYCP_MENU_ViewController.xib */; };
		B217EF9019752FE50029218F /* RYCP_MENU_ViewController_ip5.xib in Resources */ = {isa = PBXBuildFile; fileRef = B217EF8819752FE50029218F /* RYCP_MENU_ViewController_ip5.xib */; };
		B217EF9119752FE50029218F /* SKZL_MENU_ViewController.m in Sources */ = {isa = PBXBuildFile; fileRef = B217EF8B19752FE50029218F /* SKZL_MENU_ViewController.m */; };
		B217EF9219752FE50029218F /* SKZL_MENU_ViewController.xib in Resources */ = {isa = PBXBuildFile; fileRef = B217EF8C19752FE50029218F /* SKZL_MENU_ViewController.xib */; };
		B217EF9319752FE50029218F /* SKZL_MENU_ViewController_ip5.xib in Resources */ = {isa = PBXBuildFile; fileRef = B217EF8D19752FE50029218F /* SKZL_MENU_ViewController_ip5.xib */; };
		B217EF9D197531CA0029218F /* m1_01.png in Resources */ = {isa = PBXBuildFile; fileRef = B217EF95197531CA0029218F /* m1_01.png */; };
		B217EF9E197531CA0029218F /* m1_02.png in Resources */ = {isa = PBXBuildFile; fileRef = B217EF96197531CA0029218F /* m1_02.png */; };
		B217EF9F197531CA0029218F /* m1_03.png in Resources */ = {isa = PBXBuildFile; fileRef = B217EF97197531CA0029218F /* m1_03.png */; };
		B217EFA0197531CA0029218F /* m1_04.png in Resources */ = {isa = PBXBuildFile; fileRef = B217EF98197531CA0029218F /* m1_04.png */; };
		B217EFA1197531CA0029218F /* m1_05.png in Resources */ = {isa = PBXBuildFile; fileRef = B217EF99197531CA0029218F /* m1_05.png */; };
		B217EFA2197531CA0029218F /* m1_06.png in Resources */ = {isa = PBXBuildFile; fileRef = B217EF9A197531CA0029218F /* m1_06.png */; };
		B217EFA3197531CA0029218F /* m1_07.png in Resources */ = {isa = PBXBuildFile; fileRef = B217EF9B197531CA0029218F /* m1_07.png */; };
		B217EFA4197531CA0029218F /* m1_08.png in Resources */ = {isa = PBXBuildFile; fileRef = B217EF9C197531CA0029218F /* m1_08.png */; };
		B217EFA819753A190029218F /* MainTabBarViewController_ip5.xib in Resources */ = {isa = PBXBuildFile; fileRef = B217EFA719753A190029218F /* MainTabBarViewController_ip5.xib */; };
		B217EFAE19753CA70029218F /* m3_01.png in Resources */ = {isa = PBXBuildFile; fileRef = B217EFAA19753CA70029218F /* m3_01.png */; };
		B217EFAF19753CA70029218F /* m3_02.png in Resources */ = {isa = PBXBuildFile; fileRef = B217EFAB19753CA70029218F /* m3_02.png */; };
		B217EFB019753CA70029218F /* m3_03.png in Resources */ = {isa = PBXBuildFile; fileRef = B217EFAC19753CA70029218F /* m3_03.png */; };
		B217EFB119753CA70029218F /* m3_04.png in Resources */ = {isa = PBXBuildFile; fileRef = B217EFAD19753CA70029218F /* m3_04.png */; };
		B21A4C8B1974E459005B006E /* UIKit.framework in Frameworks */ = {isa = PBXBuildFile; fileRef = B21A4C8A1974E459005B006E /* UIKit.framework */; };
		B21A4C8D1974E459005B006E /* Foundation.framework in Frameworks */ = {isa = PBXBuildFile; fileRef = B21A4C8C1974E459005B006E /* Foundation.framework */; };
		B21A4C8F1974E459005B006E /* CoreGraphics.framework in Frameworks */ = {isa = PBXBuildFile; fileRef = B21A4C8E1974E459005B006E /* CoreGraphics.framework */; };
		B21A4C951974E459005B006E /* InfoPlist.strings in Resources */ = {isa = PBXBuildFile; fileRef = B21A4C931974E459005B006E /* InfoPlist.strings */; };
		B21A4C971974E459005B006E /* main.m in Sources */ = {isa = PBXBuildFile; fileRef = B21A4C961974E459005B006E /* main.m */; };
		B21A4C9B1974E459005B006E /* LxAppDelegate.m in Sources */ = {isa = PBXBuildFile; fileRef = B21A4C9A1974E459005B006E /* LxAppDelegate.m */; };
		B21A4C9D1974E459005B006E /* Default.png in Resources */ = {isa = PBXBuildFile; fileRef = B21A4C9C1974E459005B006E /* Default.png */; };
		B21A4C9F1974E45A005B006E /* Default@2x.png in Resources */ = {isa = PBXBuildFile; fileRef = B21A4C9E1974E459005B006E /* Default@2x.png */; };
		B21A4CA11974E45A005B006E /* Default-568h@2x.png in Resources */ = {isa = PBXBuildFile; fileRef = B21A4CA01974E45A005B006E /* Default-568h@2x.png */; };
		B21A4CA41974E45A005B006E /* LxViewController.m in Sources */ = {isa = PBXBuildFile; fileRef = B21A4CA31974E45A005B006E /* LxViewController.m */; };
		B21A4CA71974E45A005B006E /* LxViewController.xib in Resources */ = {isa = PBXBuildFile; fileRef = B21A4CA51974E45A005B006E /* LxViewController.xib */; };
		B31C74CD19755BCB004CF2D8 /* KYSB_MENU_ViewController.m in Sources */ = {isa = PBXBuildFile; fileRef = B31C74BC19755BCB004CF2D8 /* KYSB_MENU_ViewController.m */; };
		B31C74CE19755BCB004CF2D8 /* KYSB_MENU_ViewController.xib in Resources */ = {isa = PBXBuildFile; fileRef = B31C74BD19755BCB004CF2D8 /* KYSB_MENU_ViewController.xib */; };
		B31C74CF19755BCB004CF2D8 /* KYSB_MENU_ViewController_ip5.xib in Resources */ = {isa = PBXBuildFile; fileRef = B31C74BE19755BCB004CF2D8 /* KYSB_MENU_ViewController_ip5.xib */; };
		B31C74D019755BCB004CF2D8 /* XTSZ_MENU_ViewController.m in Sources */ = {isa = PBXBuildFile; fileRef = B31C74C119755BCB004CF2D8 /* XTSZ_MENU_ViewController.m */; };
		B31C74D219755BCB004CF2D8 /* XTSZ_MENU_ViewController_ip5.xib in Resources */ = {isa = PBXBuildFile; fileRef = B31C74C319755BCB004CF2D8 /* XTSZ_MENU_ViewController_ip5.xib */; };
		B31C74D319755BCB004CF2D8 /* m2_01.png in Resources */ = {isa = PBXBuildFile; fileRef = B31C74C619755BCB004CF2D8 /* m2_01.png */; };
		B31C74D419755BCB004CF2D8 /* m2_02.png in Resources */ = {isa = PBXBuildFile; fileRef = B31C74C719755BCB004CF2D8 /* m2_02.png */; };
		B31C74D519755BCB004CF2D8 /* m2_03.png in Resources */ = {isa = PBXBuildFile; fileRef = B31C74C819755BCB004CF2D8 /* m2_03.png */; };
		B31C74D619755BCB004CF2D8 /* ZYFA_MENU_ViewController.m in Sources */ = {isa = PBXBuildFile; fileRef = B31C74CA19755BCB004CF2D8 /* ZYFA_MENU_ViewController.m */; };
		B31C74D719755BCB004CF2D8 /* ZYFA_MENU_ViewController.xib in Resources */ = {isa = PBXBuildFile; fileRef = B31C74CB19755BCB004CF2D8 /* ZYFA_MENU_ViewController.xib */; };
		B31C74D819755BCB004CF2D8 /* ZYFA_MENU_ViewController_ip5.xib in Resources */ = {isa = PBXBuildFile; fileRef = B31C74CC19755BCB004CF2D8 /* ZYFA_MENU_ViewController_ip5.xib */; };
		B31C74D9197564F1004CF2D8 /* XTSZ_MENU_ViewController.xib in Resources */ = {isa = PBXBuildFile; fileRef = B31C74DB197564F1004CF2D8 /* XTSZ_MENU_ViewController.xib */; };
/* End PBXBuildFile section */

/* Begin PBXFileReference section */
		B217EF541974F22F0029218F /* MainTabBarViewController.h */ = {isa = PBXFileReference; fileEncoding = 4; lastKnownFileType = sourcecode.c.h; path = MainTabBarViewController.h; sourceTree = "<group>"; };
		B217EF551974F22F0029218F /* MainTabBarViewController.m */ = {isa = PBXFileReference; fileEncoding = 4; lastKnownFileType = sourcecode.c.objc; path = MainTabBarViewController.m; sourceTree = "<group>"; };
		B217EF571974F22F0029218F /* m01.png */ = {isa = PBXFileReference; lastKnownFileType = image.png; path = m01.png; sourceTree = "<group>"; };
		B217EF581974F22F0029218F /* m01D.png */ = {isa = PBXFileReference; lastKnownFileType = image.png; path = m01D.png; sourceTree = "<group>"; };
		B217EF591974F22F0029218F /* m02.png */ = {isa = PBXFileReference; lastKnownFileType = image.png; path = m02.png; sourceTree = "<group>"; };
		B217EF5A1974F22F0029218F /* m02D.png */ = {isa = PBXFileReference; lastKnownFileType = image.png; path = m02D.png; sourceTree = "<group>"; };
		B217EF5B1974F22F0029218F /* m03.png */ = {isa = PBXFileReference; lastKnownFileType = image.png; path = m03.png; sourceTree = "<group>"; };
		B217EF5C1974F22F0029218F /* m03D.png */ = {isa = PBXFileReference; lastKnownFileType = image.png; path = m03D.png; sourceTree = "<group>"; };
		B217EF5D1974F22F0029218F /* m04.png */ = {isa = PBXFileReference; lastKnownFileType = image.png; path = m04.png; sourceTree = "<group>"; };
		B217EF5E1974F22F0029218F /* m04D.png */ = {isa = PBXFileReference; lastKnownFileType = image.png; path = m04D.png; sourceTree = "<group>"; };
		B217EF5F1974F22F0029218F /* m05.png */ = {isa = PBXFileReference; lastKnownFileType = image.png; path = m05.png; sourceTree = "<group>"; };
		B217EF601974F22F0029218F /* m05D.png */ = {isa = PBXFileReference; lastKnownFileType = image.png; path = m05D.png; sourceTree = "<group>"; };
		B217EF6C1975186A0029218F /* zh-Hans */ = {isa = PBXFileReference; lastKnownFileType = file.xib; name = "zh-Hans"; path = "zh-Hans.lproj/LxViewController.xib"; sourceTree = "<group>"; };
		B217EF6D1975186B0029218F /* zh-Hans */ = {isa = PBXFileReference; lastKnownFileType = text.plist.strings; name = "zh-Hans"; path = "zh-Hans.lproj/InfoPlist.strings"; sourceTree = "<group>"; };
		B217EF7C197523600029218F /* MainTabBarViewController.xib */ = {isa = PBXFileReference; fileEncoding = 4; lastKnownFileType = file.xib; name = MainTabBarViewController.xib; path = res/MainTabBarViewController.xib; sourceTree = "<group>"; };
		B217EF8519752FE50029218F /* RYCP_MENU_ViewController.h */ = {isa = PBXFileReference; fileEncoding = 4; lastKnownFileType = sourcecode.c.h; path = RYCP_MENU_ViewController.h; sourceTree = "<group>"; };
		B217EF8619752FE50029218F /* RYCP_MENU_ViewController.m */ = {isa = PBXFileReference; fileEncoding = 4; lastKnownFileType = sourcecode.c.objc; path = RYCP_MENU_ViewController.m; sourceTree = "<group>"; };
		B217EF8719752FE50029218F /* RYCP_MENU_ViewController.xib */ = {isa = PBXFileReference; fileEncoding = 4; lastKnownFileType = file.xib; path = RYCP_MENU_ViewController.xib; sourceTree = "<group>"; };
		B217EF8819752FE50029218F /* RYCP_MENU_ViewController_ip5.xib */ = {isa = PBXFileReference; fileEncoding = 4; lastKnownFileType = file.xib; path = RYCP_MENU_ViewController_ip5.xib; sourceTree = "<group>"; };
		B217EF8A19752FE50029218F /* SKZL_MENU_ViewController.h */ = {isa = PBXFileReference; fileEncoding = 4; lastKnownFileType = sourcecode.c.h; path = SKZL_MENU_ViewController.h; sourceTree = "<group>"; };
		B217EF8B19752FE50029218F /* SKZL_MENU_ViewController.m */ = {isa = PBXFileReference; fileEncoding = 4; lastKnownFileType = sourcecode.c.objc; path = SKZL_MENU_ViewController.m; sourceTree = "<group>"; };
		B217EF8C19752FE50029218F /* SKZL_MENU_ViewController.xib */ = {isa = PBXFileReference; fileEncoding = 4; lastKnownFileType = file.xib; path = SKZL_MENU_ViewController.xib; sourceTree = "<group>"; };
		B217EF8D19752FE50029218F /* SKZL_MENU_ViewController_ip5.xib */ = {isa = PBXFileReference; fileEncoding = 4; lastKnownFileType = file.xib; path = SKZL_MENU_ViewController_ip5.xib; sourceTree = "<group>"; };
		B217EF95197531CA0029218F /* m1_01.png */ = {isa = PBXFileReference; lastKnownFileType = image.png; path = m1_01.png; sourceTree = "<group>"; };
		B217EF96197531CA0029218F /* m1_02.png */ = {isa = PBXFileReference; lastKnownFileType = image.png; path = m1_02.png; sourceTree = "<group>"; };
		B217EF97197531CA0029218F /* m1_03.png */ = {isa = PBXFileReference; lastKnownFileType = image.png; path = m1_03.png; sourceTree = "<group>"; };
		B217EF98197531CA0029218F /* m1_04.png */ = {isa = PBXFileReference; lastKnownFileType = image.png; path = m1_04.png; sourceTree = "<group>"; };
		B217EF99197531CA0029218F /* m1_05.png */ = {isa = PBXFileReference; lastKnownFileType = image.png; path = m1_05.png; sourceTree = "<group>"; };
		B217EF9A197531CA0029218F /* m1_06.png */ = {isa = PBXFileReference; lastKnownFileType = image.png; path = m1_06.png; sourceTree = "<group>"; };
		B217EF9B197531CA0029218F /* m1_07.png */ = {isa = PBXFileReference; lastKnownFileType = image.png; path = m1_07.png; sourceTree = "<group>"; };
		B217EF9C197531CA0029218F /* m1_08.png */ = {isa = PBXFileReference; lastKnownFileType = image.png; path = m1_08.png; sourceTree = "<group>"; };
		B217EFA719753A190029218F /* MainTabBarViewController_ip5.xib */ = {isa = PBXFileReference; fileEncoding = 4; lastKnownFileType = file.xib; name = MainTabBarViewController_ip5.xib; path = res/MainTabBarViewController_ip5.xib; sourceTree = "<group>"; };
		B217EFAA19753CA70029218F /* m3_01.png */ = {isa = PBXFileReference; lastKnownFileType = image.png; path = m3_01.png; sourceTree = "<group>"; };
		B217EFAB19753CA70029218F /* m3_02.png */ = {isa = PBXFileReference; lastKnownFileType = image.png; path = m3_02.png; sourceTree = "<group>"; };
		B217EFAC19753CA70029218F /* m3_03.png */ = {isa = PBXFileReference; lastKnownFileType = image.png; path = m3_03.png; sourceTree = "<group>"; };
		B217EFAD19753CA70029218F /* m3_04.png */ = {isa = PBXFileReference; lastKnownFileType = image.png; path = m3_04.png; sourceTree = "<group>"; };
		B21A4C871974E459005B006E /* LxTableBarDemo.app */ = {isa = PBXFileReference; explicitFileType = wrapper.application; includeInIndex = 0; path = LxTableBarDemo.app; sourceTree = BUILT_PRODUCTS_DIR; };
		B21A4C8A1974E459005B006E /* UIKit.framework */ = {isa = PBXFileReference; lastKnownFileType = wrapper.framework; name = UIKit.framework; path = System/Library/Frameworks/UIKit.framework; sourceTree = SDKROOT; };
		B21A4C8C1974E459005B006E /* Foundation.framework */ = {isa = PBXFileReference; lastKnownFileType = wrapper.framework; name = Foundation.framework; path = System/Library/Frameworks/Foundation.framework; sourceTree = SDKROOT; };
		B21A4C8E1974E459005B006E /* CoreGraphics.framework */ = {isa = PBXFileReference; lastKnownFileType = wrapper.framework; name = CoreGraphics.framework; path = System/Library/Frameworks/CoreGraphics.framework; sourceTree = SDKROOT; };
		B21A4C921974E459005B006E /* LxTableBarDemo-Info.plist */ = {isa = PBXFileReference; lastKnownFileType = text.plist.xml; path = "LxTableBarDemo-Info.plist"; sourceTree = "<group>"; };
		B21A4C961974E459005B006E /* main.m */ = {isa = PBXFileReference; lastKnownFileType = sourcecode.c.objc; path = main.m; sourceTree = "<group>"; };
		B21A4C981974E459005B006E /* LxTableBarDemo-Prefix.pch */ = {isa = PBXFileReference; lastKnownFileType = sourcecode.c.h; path = "LxTableBarDemo-Prefix.pch"; sourceTree = "<group>"; };
		B21A4C991974E459005B006E /* LxAppDelegate.h */ = {isa = PBXFileReference; lastKnownFileType = sourcecode.c.h; path = LxAppDelegate.h; sourceTree = "<group>"; };
		B21A4C9A1974E459005B006E /* LxAppDelegate.m */ = {isa = PBXFileReference; lastKnownFileType = sourcecode.c.objc; path = LxAppDelegate.m; sourceTree = "<group>"; };
		B21A4C9C1974E459005B006E /* Default.png */ = {isa = PBXFileReference; lastKnownFileType = image.png; path = Default.png; sourceTree = "<group>"; };
		B21A4C9E1974E459005B006E /* Default@2x.png */ = {isa = PBXFileReference; lastKnownFileType = image.png; path = "Default@2x.png"; sourceTree = "<group>"; };
		B21A4CA01974E45A005B006E /* Default-568h@2x.png */ = {isa = PBXFileReference; lastKnownFileType = image.png; path = "Default-568h@2x.png"; sourceTree = "<group>"; };
		B21A4CA21974E45A005B006E /* LxViewController.h */ = {isa = PBXFileReference; lastKnownFileType = sourcecode.c.h; path = LxViewController.h; sourceTree = "<group>"; };
		B21A4CA31974E45A005B006E /* LxViewController.m */ = {isa = PBXFileReference; lastKnownFileType = sourcecode.c.objc; path = LxViewController.m; sourceTree = "<group>"; };
		B31C74BB19755BCB004CF2D8 /* KYSB_MENU_ViewController.h */ = {isa = PBXFileReference; fileEncoding = 4; lastKnownFileType = sourcecode.c.h; path = KYSB_MENU_ViewController.h; sourceTree = "<group>"; };
		B31C74BC19755BCB004CF2D8 /* KYSB_MENU_ViewController.m */ = {isa = PBXFileReference; fileEncoding = 4; lastKnownFileType = sourcecode.c.objc; path = KYSB_MENU_ViewController.m; sourceTree = "<group>"; };
		B31C74BD19755BCB004CF2D8 /* KYSB_MENU_ViewController.xib */ = {isa = PBXFileReference; fileEncoding = 4; lastKnownFileType = file.xib; path = KYSB_MENU_ViewController.xib; sourceTree = "<group>"; };
		B31C74BE19755BCB004CF2D8 /* KYSB_MENU_ViewController_ip5.xib */ = {isa = PBXFileReference; fileEncoding = 4; lastKnownFileType = file.xib; path = KYSB_MENU_ViewController_ip5.xib; sourceTree = "<group>"; };
		B31C74C019755BCB004CF2D8 /* XTSZ_MENU_ViewController.h */ = {isa = PBXFileReference; fileEncoding = 4; lastKnownFileType = sourcecode.c.h; path = XTSZ_MENU_ViewController.h; sourceTree = "<group>"; };
		B31C74C119755BCB004CF2D8 /* XTSZ_MENU_ViewController.m */ = {isa = PBXFileReference; fileEncoding = 4; lastKnownFileType = sourcecode.c.objc; path = XTSZ_MENU_ViewController.m; sourceTree = "<group>"; };
		B31C74C319755BCB004CF2D8 /* XTSZ_MENU_ViewController_ip5.xib */ = {isa = PBXFileReference; fileEncoding = 4; lastKnownFileType = file.xib; path = XTSZ_MENU_ViewController_ip5.xib; sourceTree = "<group>"; };
		B31C74C619755BCB004CF2D8 /* m2_01.png */ = {isa = PBXFileReference; lastKnownFileType = image.png; path = m2_01.png; sourceTree = "<group>"; };
		B31C74C719755BCB004CF2D8 /* m2_02.png */ = {isa = PBXFileReference; lastKnownFileType = image.png; path = m2_02.png; sourceTree = "<group>"; };
		B31C74C819755BCB004CF2D8 /* m2_03.png */ = {isa = PBXFileReference; lastKnownFileType = image.png; path = m2_03.png; sourceTree = "<group>"; };
		B31C74C919755BCB004CF2D8 /* ZYFA_MENU_ViewController.h */ = {isa = PBXFileReference; fileEncoding = 4; lastKnownFileType = sourcecode.c.h; path = ZYFA_MENU_ViewController.h; sourceTree = "<group>"; };
		B31C74CA19755BCB004CF2D8 /* ZYFA_MENU_ViewController.m */ = {isa = PBXFileReference; fileEncoding = 4; lastKnownFileType = sourcecode.c.objc; path = ZYFA_MENU_ViewController.m; sourceTree = "<group>"; };
		B31C74CB19755BCB004CF2D8 /* ZYFA_MENU_ViewController.xib */ = {isa = PBXFileReference; fileEncoding = 4; lastKnownFileType = file.xib; path = ZYFA_MENU_ViewController.xib; sourceTree = "<group>"; };
		B31C74CC19755BCB004CF2D8 /* ZYFA_MENU_ViewController_ip5.xib */ = {isa = PBXFileReference; fileEncoding = 4; lastKnownFileType = file.xib; path = ZYFA_MENU_ViewController_ip5.xib; sourceTree = "<group>"; };
		B31C74DA197564F1004CF2D8 /* zh-Hans */ = {isa = PBXFileReference; lastKnownFileType = file.xib; name = "zh-Hans"; path = "zh-Hans.lproj/XTSZ_MENU_ViewController.xib"; sourceTree = "<group>"; };
/* End PBXFileReference section */

/* Begin PBXFrameworksBuildPhase section */
		B21A4C841974E459005B006E /* Frameworks */ = {
			isa = PBXFrameworksBuildPhase;
			buildActionMask = 2147483647;
			files = (
				B21A4C8B1974E459005B006E /* UIKit.framework in Frameworks */,
				B21A4C8D1974E459005B006E /* Foundation.framework in Frameworks */,
				B21A4C8F1974E459005B006E /* CoreGraphics.framework in Frameworks */,
			);
			runOnlyForDeploymentPostprocessing = 0;
		};
/* End PBXFrameworksBuildPhase section */

/* Begin PBXGroup section */
		B217EF531974F22F0029218F /* MainTab */ = {
			isa = PBXGroup;
			children = (
				B217EF541974F22F0029218F /* MainTabBarViewController.h */,
				B217EF551974F22F0029218F /* MainTabBarViewController.m */,
				B217EF7C197523600029218F /* MainTabBarViewController.xib */,
				B217EFA719753A190029218F /* MainTabBarViewController_ip5.xib */,
				B217EF561974F22F0029218F /* res */,
			);
			path = MainTab;
			sourceTree = "<group>";
		};
		B217EF561974F22F0029218F /* res */ = {
			isa = PBXGroup;
			children = (
				B217EF571974F22F0029218F /* m01.png */,
				B217EF581974F22F0029218F /* m01D.png */,
				B217EF591974F22F0029218F /* m02.png */,
				B217EF5A1974F22F0029218F /* m02D.png */,
				B217EF5B1974F22F0029218F /* m03.png */,
				B217EF5C1974F22F0029218F /* m03D.png */,
				B217EF5D1974F22F0029218F /* m04.png */,
				B217EF5E1974F22F0029218F /* m04D.png */,
				B217EF5F1974F22F0029218F /* m05.png */,
				B217EF601974F22F0029218F /* m05D.png */,
			);
			path = res;
			sourceTree = "<group>";
		};
		B217EF8419752FE50029218F /* 人影产品 */ = {
			isa = PBXGroup;
			children = (
				B217EFA919753CA70029218F /* res */,
				B217EF8519752FE50029218F /* RYCP_MENU_ViewController.h */,
				B217EF8619752FE50029218F /* RYCP_MENU_ViewController.m */,
				B217EF8719752FE50029218F /* RYCP_MENU_ViewController.xib */,
				B217EF8819752FE50029218F /* RYCP_MENU_ViewController_ip5.xib */,
			);
			path = "人影产品";
			sourceTree = "<group>";
		};
		B217EF8919752FE50029218F /* 实况资料 */ = {
			isa = PBXGroup;
			children = (
				B217EF94197531CA0029218F /* res */,
				B217EF8A19752FE50029218F /* SKZL_MENU_ViewController.h */,
				B217EF8B19752FE50029218F /* SKZL_MENU_ViewController.m */,
				B217EF8C19752FE50029218F /* SKZL_MENU_ViewController.xib */,
				B217EF8D19752FE50029218F /* SKZL_MENU_ViewController_ip5.xib */,
			);
			path = "实况资料";
			sourceTree = "<group>";
		};
		B217EF94197531CA0029218F /* res */ = {
			isa = PBXGroup;
			children = (
				B217EF95197531CA0029218F /* m1_01.png */,
				B217EF96197531CA0029218F /* m1_02.png */,
				B217EF97197531CA0029218F /* m1_03.png */,
				B217EF98197531CA0029218F /* m1_04.png */,
				B217EF99197531CA0029218F /* m1_05.png */,
				B217EF9A197531CA0029218F /* m1_06.png */,
				B217EF9B197531CA0029218F /* m1_07.png */,
				B217EF9C197531CA0029218F /* m1_08.png */,
			);
			path = res;
			sourceTree = "<group>";
		};
		B217EFA919753CA70029218F /* res */ = {
			isa = PBXGroup;
			children = (
				B217EFAA19753CA70029218F /* m3_01.png */,
				B217EFAB19753CA70029218F /* m3_02.png */,
				B217EFAC19753CA70029218F /* m3_03.png */,
				B217EFAD19753CA70029218F /* m3_04.png */,
			);
			path = res;
			sourceTree = "<group>";
		};
		B21A4C7E1974E459005B006E = {
			isa = PBXGroup;
			children = (
				B21A4C901974E459005B006E /* LxTableBarDemo */,
				B21A4C891974E459005B006E /* Frameworks */,
				B21A4C881974E459005B006E /* Products */,
			);
			sourceTree = "<group>";
		};
		B21A4C881974E459005B006E /* Products */ = {
			isa = PBXGroup;
			children = (
				B21A4C871974E459005B006E /* LxTableBarDemo.app */,
			);
			name = Products;
			sourceTree = "<group>";
		};
		B21A4C891974E459005B006E /* Frameworks */ = {
			isa = PBXGroup;
			children = (
				B21A4C8A1974E459005B006E /* UIKit.framework */,
				B21A4C8C1974E459005B006E /* Foundation.framework */,
				B21A4C8E1974E459005B006E /* CoreGraphics.framework */,
			);
			name = Frameworks;
			sourceTree = "<group>";
		};
		B21A4C901974E459005B006E /* LxTableBarDemo */ = {
			isa = PBXGroup;
			children = (
				B31C74BA19755BCB004CF2D8 /* 空域申报 */,
				B31C74BF19755BCB004CF2D8 /* 系统设置 */,
				B31C74C419755BCB004CF2D8 /* 作业方案 */,
				B217EF8419752FE50029218F /* 人影产品 */,
				B217EF8919752FE50029218F /* 实况资料 */,
				B217EF531974F22F0029218F /* MainTab */,
				B21A4C991974E459005B006E /* LxAppDelegate.h */,
				B21A4C9A1974E459005B006E /* LxAppDelegate.m */,
				B21A4CA21974E45A005B006E /* LxViewController.h */,
				B21A4CA31974E45A005B006E /* LxViewController.m */,
				B21A4CA51974E45A005B006E /* LxViewController.xib */,
				B21A4C911974E459005B006E /* Supporting Files */,
			);
			path = LxTableBarDemo;
			sourceTree = "<group>";
		};
		B21A4C911974E459005B006E /* Supporting Files */ = {
			isa = PBXGroup;
			children = (
				B21A4C921974E459005B006E /* LxTableBarDemo-Info.plist */,
				B21A4C931974E459005B006E /* InfoPlist.strings */,
				B21A4C961974E459005B006E /* main.m */,
				B21A4C981974E459005B006E /* LxTableBarDemo-Prefix.pch */,
				B21A4C9C1974E459005B006E /* Default.png */,
				B21A4C9E1974E459005B006E /* Default@2x.png */,
				B21A4CA01974E45A005B006E /* Default-568h@2x.png */,
			);
			name = "Supporting Files";
			sourceTree = "<group>";
		};
		B31C74BA19755BCB004CF2D8 /* 空域申报 */ = {
			isa = PBXGroup;
			children = (
				B31C74BB19755BCB004CF2D8 /* KYSB_MENU_ViewController.h */,
				B31C74BC19755BCB004CF2D8 /* KYSB_MENU_ViewController.m */,
				B31C74BD19755BCB004CF2D8 /* KYSB_MENU_ViewController.xib */,
				B31C74BE19755BCB004CF2D8 /* KYSB_MENU_ViewController_ip5.xib */,
			);
			path = "空域申报";
			sourceTree = "<group>";
		};
		B31C74BF19755BCB004CF2D8 /* 系统设置 */ = {
			isa = PBXGroup;
			children = (
				B31C74C019755BCB004CF2D8 /* XTSZ_MENU_ViewController.h */,
				B31C74C119755BCB004CF2D8 /* XTSZ_MENU_ViewController.m */,
				B31C74DB197564F1004CF2D8 /* XTSZ_MENU_ViewController.xib */,
				B31C74C319755BCB004CF2D8 /* XTSZ_MENU_ViewController_ip5.xib */,
			);
			path = "系统设置";
			sourceTree = "<group>";
		};
		B31C74C419755BCB004CF2D8 /* 作业方案 */ = {
			isa = PBXGroup;
			children = (
				B31C74C519755BCB004CF2D8 /* res */,
				B31C74C919755BCB004CF2D8 /* ZYFA_MENU_ViewController.h */,
				B31C74CA19755BCB004CF2D8 /* ZYFA_MENU_ViewController.m */,
				B31C74CB19755BCB004CF2D8 /* ZYFA_MENU_ViewController.xib */,
				B31C74CC19755BCB004CF2D8 /* ZYFA_MENU_ViewController_ip5.xib */,
			);
			path = "作业方案";
			sourceTree = "<group>";
		};
		B31C74C519755BCB004CF2D8 /* res */ = {
			isa = PBXGroup;
			children = (
				B31C74C619755BCB004CF2D8 /* m2_01.png */,
				B31C74C719755BCB004CF2D8 /* m2_02.png */,
				B31C74C819755BCB004CF2D8 /* m2_03.png */,
			);
			path = res;
			sourceTree = "<group>";
		};
/* End PBXGroup section */

/* Begin PBXNativeTarget section */
		B21A4C861974E459005B006E /* LxTableBarDemo */ = {
			isa = PBXNativeTarget;
			buildConfigurationList = B21A4CAA1974E45A005B006E /* Build configuration list for PBXNativeTarget "LxTableBarDemo" */;
			buildPhases = (
				B21A4C831974E459005B006E /* Sources */,
				B21A4C841974E459005B006E /* Frameworks */,
				B21A4C851974E459005B006E /* Resources */,
			);
			buildRules = (
			);
			dependencies = (
			);
			name = LxTableBarDemo;
			productName = LxTableBarDemo;
			productReference = B21A4C871974E459005B006E /* LxTableBarDemo.app */;
			productType = "com.apple.product-type.application";
		};
/* End PBXNativeTarget section */

/* Begin PBXProject section */
		B21A4C7F1974E459005B006E /* Project object */ = {
			isa = PBXProject;
			attributes = {
				CLASSPREFIX = Lx;
				LastUpgradeCheck = 0460;
				ORGANIZATIONNAME = CloverStudio;
			};
			buildConfigurationList = B21A4C821974E459005B006E /* Build configuration list for PBXProject "LxTableBarDemo" */;
			compatibilityVersion = "Xcode 3.2";
			developmentRegion = English;
			hasScannedForEncodings = 0;
			knownRegions = (
				en,
				"zh-Hans",
			);
			mainGroup = B21A4C7E1974E459005B006E;
			productRefGroup = B21A4C881974E459005B006E /* Products */;
			projectDirPath = "";
			projectRoot = "";
			targets = (
				B21A4C861974E459005B006E /* LxTableBarDemo */,
			);
		};
/* End PBXProject section */

/* Begin PBXResourcesBuildPhase section */
		B21A4C851974E459005B006E /* Resources */ = {
			isa = PBXResourcesBuildPhase;
			buildActionMask = 2147483647;
			files = (
				B217EF6A1974F22F0029218F /* m05.png in Resources */,
				B217EF9F197531CA0029218F /* m1_03.png in Resources */,
				B217EF621974F22F0029218F /* m01.png in Resources */,
				B217EFB119753CA70029218F /* m3_04.png in Resources */,
				B217EF9219752FE50029218F /* SKZL_MENU_ViewController.xib in Resources */,
				B217EF641974F22F0029218F /* m02.png in Resources */,
				B31C74CE19755BCB004CF2D8 /* KYSB_MENU_ViewController.xib in Resources */,
				B217EF651974F22F0029218F /* m02D.png in Resources */,
				B217EFA819753A190029218F /* MainTabBarViewController_ip5.xib in Resources */,
				B217EF8F19752FE50029218F /* RYCP_MENU_ViewController.xib in Resources */,
				B217EF681974F22F0029218F /* m04.png in Resources */,
				B217EF631974F22F0029218F /* m01D.png in Resources */,
				B217EFA2197531CA0029218F /* m1_06.png in Resources */,
				B31C74D519755BCB004CF2D8 /* m2_03.png in Resources */,
				B217EFA1197531CA0029218F /* m1_05.png in Resources */,
				B31C74D719755BCB004CF2D8 /* ZYFA_MENU_ViewController.xib in Resources */,
				B31C74D819755BCB004CF2D8 /* ZYFA_MENU_ViewController_ip5.xib in Resources */,
				B21A4C951974E459005B006E /* InfoPlist.strings in Resources */,
				B21A4C9D1974E459005B006E /* Default.png in Resources */,
				B217EFAE19753CA70029218F /* m3_01.png in Resources */,
				B217EFA4197531CA0029218F /* m1_08.png in Resources */,
				B31C74D219755BCB004CF2D8 /* XTSZ_MENU_ViewController_ip5.xib in Resources */,
				B217EFB019753CA70029218F /* m3_03.png in Resources */,
				B21A4C9F1974E45A005B006E /* Default@2x.png in Resources */,
				B31C74D9197564F1004CF2D8 /* XTSZ_MENU_ViewController.xib in Resources */,
				B217EF9E197531CA0029218F /* m1_02.png in Resources */,
				B217EFA0197531CA0029218F /* m1_04.png in Resources */,
				B217EF9019752FE50029218F /* RYCP_MENU_ViewController_ip5.xib in Resources */,
				B31C74D419755BCB004CF2D8 /* m2_02.png in Resources */,
				B217EF9319752FE50029218F /* SKZL_MENU_ViewController_ip5.xib in Resources */,
				B217EF9D197531CA0029218F /* m1_01.png in Resources */,
				B21A4CA11974E45A005B006E /* Default-568h@2x.png in Resources */,
				B31C74CF19755BCB004CF2D8 /* KYSB_MENU_ViewController_ip5.xib in Resources */,
				B217EF671974F22F0029218F /* m03D.png in Resources */,
				B217EF6B1974F22F0029218F /* m05D.png in Resources */,
				B217EF661974F22F0029218F /* m03.png in Resources */,
				B217EF7D197523600029218F /* MainTabBarViewController.xib in Resources */,
				B217EF691974F22F0029218F /* m04D.png in Resources */,
				B217EFAF19753CA70029218F /* m3_02.png in Resources */,
				B217EFA3197531CA0029218F /* m1_07.png in Resources */,
				B21A4CA71974E45A005B006E /* LxViewController.xib in Resources */,
				B31C74D319755BCB004CF2D8 /* m2_01.png in Resources */,
			);
			runOnlyForDeploymentPostprocessing = 0;
		};
/* End PBXResourcesBuildPhase section */

/* Begin PBXSourcesBuildPhase section */
		B21A4C831974E459005B006E /* Sources */ = {
			isa = PBXSourcesBuildPhase;
			buildActionMask = 2147483647;
			files = (
				B31C74D019755BCB004CF2D8 /* XTSZ_MENU_ViewController.m in Sources */,
				B21A4C971974E459005B006E /* main.m in Sources */,
				B217EF9119752FE50029218F /* SKZL_MENU_ViewController.m in Sources */,
				B217EF611974F22F0029218F /* MainTabBarViewController.m in Sources */,
				B31C74CD19755BCB004CF2D8 /* KYSB_MENU_ViewController.m in Sources */,
				B217EF8E19752FE50029218F /* RYCP_MENU_ViewController.m in Sources */,
				B21A4C9B1974E459005B006E /* LxAppDelegate.m in Sources */,
				B31C74D619755BCB004CF2D8 /* ZYFA_MENU_ViewController.m in Sources */,
				B21A4CA41974E45A005B006E /* LxViewController.m in Sources */,
			);
			runOnlyForDeploymentPostprocessing = 0;
		};
/* End PBXSourcesBuildPhase section */

/* Begin PBXVariantGroup section */
		B21A4C931974E459005B006E /* InfoPlist.strings */ = {
			isa = PBXVariantGroup;
			children = (
				B217EF6D1975186B0029218F /* zh-Hans */,
			);
			name = InfoPlist.strings;
			sourceTree = "<group>";
		};
		B21A4CA51974E45A005B006E /* LxViewController.xib */ = {
			isa = PBXVariantGroup;
			children = (
				B217EF6C1975186A0029218F /* zh-Hans */,
			);
			name = LxViewController.xib;
			sourceTree = "<group>";
		};
		B31C74DB197564F1004CF2D8 /* XTSZ_MENU_ViewController.xib */ = {
			isa = PBXVariantGroup;
			children = (
				B31C74DA197564F1004CF2D8 /* zh-Hans */,
			);
			name = XTSZ_MENU_ViewController.xib;
			sourceTree = "<group>";
		};
/* End PBXVariantGroup section */

/* Begin XCBuildConfiguration section */
		B21A4CA81974E45A005B006E /* Debug */ = {
			isa = XCBuildConfiguration;
			buildSettings = {
				ALWAYS_SEARCH_USER_PATHS = NO;
				CLANG_CXX_LANGUAGE_STANDARD = "gnu++0x";
				CLANG_CXX_LIBRARY = "libc++";
				CLANG_ENABLE_OBJC_ARC = YES;
				CLANG_WARN_CONSTANT_CONVERSION = YES;
				CLANG_WARN_EMPTY_BODY = YES;
				CLANG_WARN_ENUM_CONVERSION = YES;
				CLANG_WARN_INT_CONVERSION = YES;
				CLANG_WARN__DUPLICATE_METHOD_MATCH = YES;
				"CODE_SIGN_IDENTITY[sdk=iphoneos*]" = "iPhone Developer";
				COPY_PHASE_STRIP = NO;
				GCC_C_LANGUAGE_STANDARD = gnu99;
				GCC_DYNAMIC_NO_PIC = NO;
				GCC_OPTIMIZATION_LEVEL = 0;
				GCC_PREPROCESSOR_DEFINITIONS = (
					"DEBUG=1",
					"$(inherited)",
				);
				GCC_SYMBOLS_PRIVATE_EXTERN = NO;
				GCC_WARN_ABOUT_RETURN_TYPE = YES;
				GCC_WARN_UNINITIALIZED_AUTOS = YES;
				GCC_WARN_UNUSED_VARIABLE = YES;
				IPHONEOS_DEPLOYMENT_TARGET = 6.0;
				ONLY_ACTIVE_ARCH = YES;
				SDKROOT = iphoneos;
			};
			name = Debug;
		};
		B21A4CA91974E45A005B006E /* Release */ = {
			isa = XCBuildConfiguration;
			buildSettings = {
				ALWAYS_SEARCH_USER_PATHS = NO;
				CLANG_CXX_LANGUAGE_STANDARD = "gnu++0x";
				CLANG_CXX_LIBRARY = "libc++";
				CLANG_ENABLE_OBJC_ARC = YES;
				CLANG_WARN_CONSTANT_CONVERSION = YES;
				CLANG_WARN_EMPTY_BODY = YES;
				CLANG_WARN_ENUM_CONVERSION = YES;
				CLANG_WARN_INT_CONVERSION = YES;
				CLANG_WARN__DUPLICATE_METHOD_MATCH = YES;
				"CODE_SIGN_IDENTITY[sdk=iphoneos*]" = "iPhone Developer";
				COPY_PHASE_STRIP = YES;
				GCC_C_LANGUAGE_STANDARD = gnu99;
				GCC_WARN_ABOUT_RETURN_TYPE = YES;
				GCC_WARN_UNINITIALIZED_AUTOS = YES;
				GCC_WARN_UNUSED_VARIABLE = YES;
				IPHONEOS_DEPLOYMENT_TARGET = 6.0;
				OTHER_CFLAGS = "-DNS_BLOCK_ASSERTIONS=1";
				SDKROOT = iphoneos;
				VALIDATE_PRODUCT = YES;
			};
			name = Release;
		};
		B21A4CAB1974E45A005B006E /* Debug */ = {
			isa = XCBuildConfiguration;
			buildSettings = {
				GCC_PRECOMPILE_PREFIX_HEADER = YES;
				GCC_PREFIX_HEADER = "LxTableBarDemo/LxTableBarDemo-Prefix.pch";
				INFOPLIST_FILE = "LxTableBarDemo/LxTableBarDemo-Info.plist";
				IPHONEOS_DEPLOYMENT_TARGET = 6.0;
				PRODUCT_NAME = "$(TARGET_NAME)";
				WRAPPER_EXTENSION = app;
			};
			name = Debug;
		};
		B21A4CAC1974E45A005B006E /* Release */ = {
			isa = XCBuildConfiguration;
			buildSettings = {
				GCC_PRECOMPILE_PREFIX_HEADER = YES;
				GCC_PREFIX_HEADER = "LxTableBarDemo/LxTableBarDemo-Prefix.pch";
				INFOPLIST_FILE = "LxTableBarDemo/LxTableBarDemo-Info.plist";
				IPHONEOS_DEPLOYMENT_TARGET = 6.0;
				PRODUCT_NAME = "$(TARGET_NAME)";
				WRAPPER_EXTENSION = app;
			};
			name = Release;
		};
/* End XCBuildConfiguration section */

/* Begin XCConfigurationList section */
		B21A4C821974E459005B006E /* Build configuration list for PBXProject "LxTableBarDemo" */ = {
			isa = XCConfigurationList;
			buildConfigurations = (
				B21A4CA81974E45A005B006E /* Debug */,
				B21A4CA91974E45A005B006E /* Release */,
			);
			defaultConfigurationIsVisible = 0;
			defaultConfigurationName = Release;
		};
		B21A4CAA1974E45A005B006E /* Build configuration list for PBXNativeTarget "LxTableBarDemo" */ = {
			isa = XCConfigurationList;
			buildConfigurations = (
				B21A4CAB1974E45A005B006E /* Debug */,
				B21A4CAC1974E45A005B006E /* Release */,
			);
			defaultConfigurationIsVisible = 0;
			defaultConfigurationName = Release;
		};
/* End XCConfigurationList section */
	};
	rootObject = B21A4C7F1974E459005B006E /* Project object */;
}
